
Microsoft Visual Studio Solution File, Format Version 12.00
# Visual Studio Version 17
VisualStudioVersion = 17.4.33213.308
MinimumVisualStudioVersion = 10.0.40219.1
Project("{9A19103F-16F7-4668-BE54-9A1E7A4F7556}") = "MVVMAppBase70", "MVVMAppBase70\MVVMAppBase70.csproj", "{2E75574C-D033-4191-BF6C-3396B88C4455}"
EndProject
Project("{D954291E-2A0B-460D-934E-DC6B0785DB48}") = "MVVMAppBaseShare", "MVVMAppBaseShare\MVVMAppBaseShare.shproj", "{E91B2802-7C1C-4353-8057-7912C6C01429}"
EndProject
Global
	GlobalSection(SolutionConfigurationPlatforms) = preSolution
		Debug|Any CPU = Debug|Any CPU
		Release|Any CPU = Release|Any CPU
	EndGlobalSection
	GlobalSection(ProjectConfigurationPlatforms) = postSolution
		{2E75574C-D033-4191-BF6C-3396B88C4455}.Debug|Any CPU.ActiveCfg = Debug|Any CPU
		{2E75574C-D033-4191-BF6C-3396B88C4455}.Debug|Any CPU.Build.0 = Debug|Any CPU
		{2E75574C-D033-4191-BF6C-3396B88C4455}.Release|Any CPU.ActiveCfg = Release|Any CPU
		{2E75574C-D033-4191-BF6C-3396B88C4455}.Release|Any CPU.Build.0 = Release|Any CPU
	EndGlobalSection
	GlobalSection(SolutionProperties) = preSolution
		HideSolutionNode = FALSE
	EndGlobalSection
	GlobalSection(ExtensibilityGlobals) = postSolution
		SolutionGuid = {02E48A3C-3F22-4028-A5B3-362A288F983A}
	EndGlobalSection
	GlobalSection(SharedMSBuildProjectFiles) = preSolution
		MVVMAppBaseShare\MVVMAppBaseShare.projitems*{2e75574c-d033-4191-bf6c-3396b88c4455}*SharedItemsImports = 5
		MVVMAppBaseShare\MVVMAppBaseShare.projitems*{e91b2802-7c1c-4353-8057-7912c6c01429}*SharedItemsImports = 13
	EndGlobalSection
EndGlobal
