
Microsoft Visual Studio Solution File, Format Version 12.00
# Visual Studio Version 17
VisualStudioVersion = 17.4.33213.308
MinimumVisualStudioVersion = 10.0.40219.1
Project("{D954291E-2A0B-460D-934E-DC6B0785DB48}") = "MvvmAppBaseShare", "MvvmAppBaseShare\MvvmAppBaseShare.shproj", "{E91B2802-7C1C-4353-8057-7912C6C01429}"
EndProject
Global
	GlobalSection(SolutionConfigurationPlatforms) = preSolution
		Debug|Any CPU = Debug|Any CPU
		Release|Any CPU = Release|Any CPU
	EndGlobalSection
	GlobalSection(SolutionProperties) = preSolution
		HideSolutionNode = FALSE
	EndGlobalSection
	GlobalSection(ExtensibilityGlobals) = postSolution
		SolutionGuid = {02E48A3C-3F22-4028-A5B3-362A288F983A}
	EndGlobalSection
	GlobalSection(SharedMSBuildProjectFiles) = preSolution
		MvvmAppBaseShare\MvvmAppBaseShare.projitems*{e91b2802-7c1c-4353-8057-7912c6c01429}*SharedItemsImports = 13
	EndGlobalSection
EndGlobal
